# THIS IS AN AUTOGENERATED FILE. DO NOT EDIT THIS FILE DIRECTLY.
# yarn lockfile v1


bs-fetch@^0.3.1:
  version "0.3.1"
  resolved "https://registry.yarnpkg.com/bs-fetch/-/bs-fetch-0.3.1.tgz#9c7d074b27e6bb2b9f2ec985964f32bcac49f79e"
  integrity sha512-MxwnuuXPldXnoCtlpeN5JNbbmb1tVgsqpLfVunvuMLAIQNyP0TqoImHiQRTz38PBSN8/iX+2yVlm+PFJfnHHiA==

bs-platform@^5.0.3:
  version "5.0.3"
  resolved "https://registry.yarnpkg.com/bs-platform/-/bs-platform-5.0.3.tgz#2b167603ef52574cb9534fabab702f6013715e6c"
  integrity sha512-GAeypBebeDGTay5kJ3v5Z3Whp1Q4zQ0hAttflVtPG3zps88xDZnVAlS3JGIIBDmJFEMyNtv5947a/IWKvWXcPw==

rationale@^0.1.10:
  version "0.1.10"
  resolved "https://registry.yarnpkg.com/rationale/-/rationale-0.1.10.tgz#a14567d3eea7facaba0ed35d68ef2127fdd861d7"
  integrity sha512-WMBpRHHjhY4AA8BtboQsA5voL2dQXhbtX0C/F4HYOGFZDZz5gbUfZVs22Sc4FqyvpJoT/1A+PhcpOvefnKKxJQ==
